# THIS IS AN AUTOGENERATED FILE. DO NOT EDIT THIS FILE DIRECTLY.
# yarn lockfile v1

"@babel/preset-react@^7.10.4":
  version "7.10.4"
  resolved "https://registry.yarnpkg.com/@babel/preset-react/-/preset-react-7.10.4.tgz#92e8a66d816f9911d11d4cc935be67adfc82dbcf"
  integrity sha512-BrHp4TgOIy4M19JAfO1LhycVXOPWdDbTRep7eVyatf174Hff+6Uk53sDyajqZPu8W1qXRBiYOfIamek6jA7YVw==
  dependencies:
    "@babel/helper-plugin-utils" "^7.10.4"
    "@babel/plugin-transform-react-display-name" "^7.10.4"
    "@babel/plugin-transform-react-jsx-development" "^7.10.4"
    "@babel/plugin-transform-react-jsx-self" "^7.10.4"
    "@babel/plugin-transform-react-jsx-source" "^7.10.4"
    "@babel/plugin-transform-react-pure-annotations" "^7.10.4"


"@babel/helper-plugin-utils@^7.10.4", "@babel/helper-plugin-utils@^7.12.13":
  version "7.13.0"
  resolved "https://registry.yarnpkg.com/@babel/helper-plugin-utils/-/helper-plugin-utils-7.13.0.tgz#806526ce125aed03373bc416a828321e3a6a33af"
  integrity sha512-ZPafIPSwzUlAoWT8DKs1W2VyF2gOWthGd5NGFMsBcMMol+ZhK+EQY/e6V96poa6PA/Bh+C9plWN0hXO1uB8AfQ==


"@babel/plugin-transform-react-display-name@^7.10.4":
  version "7.10.4"
  resolved "https://registry.yarnpkg.com/@babel/plugin-transform-react-display-name/-/plugin-transform-react-display-name-7.10.4.tgz#b5795f4e3e3140419c3611b7a2a3832b9aef328d"
  integrity sha512-Zd4X54Mu9SBfPGnEcaGcOrVAYOtjT2on8QZkLKEq1S/tHexG39d9XXGZv19VfRrDjPJzFmPfTAqOQS1pfFOujw==
  dependencies:
    "@babel/helper-plugin-utils" "^7.10.4"

"@babel/plugin-transform-react-jsx-development@^7.10.4":
  version "7.10.4"
  resolved "https://registry.yarnpkg.com/@babel/plugin-transform-react-jsx-development/-/plugin-transform-react-jsx-development-7.10.4.tgz#6ec90f244394604623880e15ebc3c34c356258ba"
  integrity sha512-RM3ZAd1sU1iQ7rI2dhrZRZGv0aqzNQMbkIUCS1txYpi9wHQ2ZHNjo5TwX+UD6pvFW4AbWqLVYvKy5qJSAyRGjQ==
  dependencies:
    "@babel/helper-builder-react-jsx-experimental" "^7.10.4"
    "@babel/helper-plugin-utils" "^7.10.4"
    "@babel/plugin-syntax-jsx" "^7.10.4"

"@babel/helper-builder-react-jsx-experimental@^7.10.4":
  version "7.10.5"
  resolved "https://registry.yarnpkg.com/@babel/helper-builder-react-jsx-experimental/-/helper-builder-react-jsx-experimental-7.10.5.tgz#f35e956a19955ff08c1258e44a515a6d6248646b"
  integrity sha512-Buewnx6M4ttG+NLkKyt7baQn7ScC/Td+e99G914fRU8fGIUivDDgVIQeDHFa5e4CRSJQt58WpNHhsAZgtzVhsg==
  dependencies:
    "@babel/helper-annotate-as-pure" "^7.10.4"
    "@babel/helper-module-imports" "^7.10.4"
    "@babel/types" "^7.10.5"

"@babel/helper-annotate-as-pure@^7.10.4":
  version "7.10.4"
  resolved "https://registry.yarnpkg.com/@babel/helper-annotate-as-pure/-/helper-annotate-as-pure-7.10.4.tgz#5bf0d495a3f757ac3bda48b5bf3b3ba309c72ba3"
  integrity sha512-XQlqKQP4vXFB7BN8fEEerrmYvHp3fK/rBkRFz9jaJbzK0B1DSfej9Kc7ZzE8Z/OnId1jpJdNAZ3BFQjWG68rcA==
  dependencies:
    "@babel/types" "^7.10.4"

"@babel/types@^7.10.4", "@babel/types@^7.10.5", "@babel/types@^7.11.0", "@babel/types@^7.12.13", "@babel/types@^7.3.3", "@babel/types@^7.4.4":
  version "7.14.2"
  resolved "https://registry.yarnpkg.com/@babel/types/-/types-7.14.2.tgz#4208ae003107ef8a057ea8333e56eb64d2f6a2c3"
  integrity sha512-SdjAG/3DikRHpUOjxZgnkbR11xUlyDMUFJdvnIgZEE16mqmY0BINMmc4//JMJglEmn6i7sq6p+mGrFWyZ98EEw==
  dependencies:
    "@babel/helper-validator-identifier" "^7.14.0"
    to-fast-properties "^2.0.0"

"@babel/helper-validator-identifier@^7.10.4", "@babel/helper-validator-identifier@^7.14.0":
  version "7.14.0"
  resolved "https://registry.yarnpkg.com/@babel/helper-validator-identifier/-/helper-validator-identifier-7.14.0.tgz#d26cad8a47c65286b15df1547319a5d0bcf27288"
  integrity sha512-V3ts7zMSu5lfiwWDVWzRDGIN+lnCEUdaXgtVHJgLb1rGaA6jMrtB9EmE7L18foXJIE8Un/A/h6NJfGQp/e1J4A==

to-fast-properties@^2.0.0:
  version "2.0.0"
  resolved "https://registry.yarnpkg.com/to-fast-properties/-/to-fast-properties-2.0.0.tgz#dc5e698cbd079265bc73e0377681a4e4e83f616e"
  integrity sha1-3F5pjL0HkmW8c+A3doGk5Og/YW4=

"@babel/helper-module-imports@^7.10.4":
  version "7.10.4"
  resolved "https://registry.yarnpkg.com/@babel/helper-module-imports/-/helper-module-imports-7.10.4.tgz#4c5c54be04bd31670a7382797d75b9fa2e5b5620"
  integrity sha512-nEQJHqYavI217oD9+s5MUBzk6x1IlvoS9WTPfgG43CbMEeStE0v+r+TucWdx8KFGowPGvyOkDT9+7DHedIDnVw==
  dependencies:
    "@babel/types" "^7.10.4"

crx@^5.0.0:
  version "5.0.1"
  resolved "https://registry.yarnpkg.com/crx/-/crx-5.0.1.tgz#33f7a81375acfab1aa3a8291424223434dc0978b"
  integrity sha512-n/PzBx/fR1+xZCiJBats9y5zw/a+YBcoJ0ABnUaY56xb1RpXuFhsiCMpNY6WjVtylLzhUUXSWsbitesVg7v2vg==
  dependencies:
    archiver "^3.0.3"
    commander "^2.20.0"
    node-rsa "^1.0.5"
    pbf "^3.2.0"

archiver@^3.0.0, archiver@^3.0.3:
  version "3.1.1"
  resolved "https://registry.yarnpkg.com/archiver/-/archiver-3.1.1.tgz#9db7819d4daf60aec10fe86b16cb9258ced66ea0"
  integrity sha512-5Hxxcig7gw5Jod/8Gq0OneVgLYET+oNHcxgWItq4TbhOzRLKNAFUb9edAftiMKXvXfCB0vbGrJdZDNq0dWMsxg==
  dependencies:
    archiver-utils "^2.1.0"
    async "^2.6.3"
    buffer-crc32 "^0.2.1"

archiver-utils@^2.1.0:
  version "2.1.0"
  resolved "https://registry.yarnpkg.com/archiver-utils/-/archiver-utils-2.1.0.tgz#e8a460e94b693c3e3da182a098ca6285ba9249e2"
  integrity sha512-bEL/yUb/fNNiNTuUz979Z0Yg5L+LzLxGJz8x79lYmR54fmTIb6ob/hNQgkQnIUDWIFjZVQwl9Xs356I6BAMHfw==
  dependencies:
    glob "^7.1.4"
    graceful-fs "^4.2.0"
    lazystream "^1.0.0"
    lodash.defaults "^4.2.0"


glob@7.1.6, glob@^7.0.0, glob@^7.0.3, glob@^7.1.1, glob@^7.1.2, glob@^7.1.3, glob@^7.1.4, glob@^7.1.6:
  version "7.1.6"
  resolved "https://registry.yarnpkg.com/glob/-/glob-7.1.6.tgz#141f33b81a7c2492e125594307480c46679278a6"
  integrity sha512-LwaxwyZ72Lk7vZINtNNrywX0ZuLyStrdDtabefZKAY5ZGJhVtgdznluResxNmPitE0SAO+O26sWTHeKSI2wMBA==
  dependencies:
    fs.realpath "^1.0.0"
    inflight "^1.0.4"
    once "^1.3.0"


fs.realpath@^1.0.0:
  version "1.0.0"
  resolved "https://registry.yarnpkg.com/fs.realpath/-/fs.realpath-1.0.0.tgz#1504ad2523158caa40db4a2787cb01411994ea4f"
  integrity sha1-FQStJSMVjKpA20onh8sBQRmU6k8=

inflight@^1.0.4:
  version "1.0.6"
  resolved "https://registry.yarnpkg.com/inflight/-/inflight-1.0.6.tgz#49bd6331d7d02d0c09bc910a1075ba8165b56df9"
  integrity sha1-Sb1jMdfQLQwJvJEKEHW6gWW1bfk=
  dependencies:
    once "^1.3.0"
    wrappy "1"

once@^1.3.0, once@^1.3.1, once@^1.4.0:
  version "1.4.0"
  resolved "https://registry.yarnpkg.com/once/-/once-1.4.0.tgz#583b1aa775961d4b113ac17d9c50baef9dd76bd1"
  integrity sha1-WDsap3WWHUsROsF9nFC6753Xa9E=
  dependencies:
    wrappy "1"


wrappy@1:
  version "1.0.2"
  resolved "https://registry.yarnpkg.com/wrappy/-/wrappy-1.0.2.tgz#b5243d8f3ec1aa35f1364605bc0d1036e30ab69f"
  integrity sha1-tSQ9jz7BqjXxNkYFvA0QNuMKtp8=


graceful-fs@^4.1.0, graceful-fs@^4.1.6, graceful-fs@^4.2.0, graceful-fs@^4.2.2:
  version "4.2.3"
  resolved "https://registry.yarnpkg.com/graceful-fs/-/graceful-fs-4.2.3.tgz#4a12ff1b60376ef09862c2093edd908328be8423"
  integrity sha512-a30VEBm4PEdx1dRB7MFK7BejejvCvBronbLjht+sHuGYj8PHs7M/5Z+rt5lw551vZ7yfTCj4Vuyy3mSJytDWRQ==

lazystream@^1.0.0, lazystream@~1.0.0:
  version "1.0.0"
  resolved "https://registry.yarnpkg.com/lazystream/-/lazystream-1.0.0.tgz#f6995fe0f820392f61396be89462407bb77168e4"
  integrity sha1-9plf4PggOS9hOWvolGJAe7dxaOQ=
  dependencies:
    readable-stream "^2.0.5"

lodash.defaults@^4.2.0:
  version "4.2.0"
  resolved "https://registry.yarnpkg.com/lodash.defaults/-/lodash.defaults-4.2.0.tgz#d09178716ffea4dde9e5fb7b37f6f0802274580c"
  integrity sha1-0JF4cW/+pN3p5ft7N/bwgCJ0WAw=