{
  "_readme": [
    "This file is @generated automatically"
  ],
  "packages": [
    {
      "name": "symfony/symfony",
      "version": "v2.3.1",
      "require": {
        "doctrine/common": "~2.2",
      },
      "time": "2013-06-11T11:46:38+00:00"
    },
    {
      "name": "doctrine/common",
      "version": "v2.5.0",
      "require": {
        "doctrine/collections": "1.*"
      },
      "require-dev": {
        "phpunit/phpunit": "~3.7"
      },
      "time": "2015-04-02T19:55:44+00:00"
    },
    {
      "name": "doctrine/collections",
      "version": "v1.5.0",
      "require-dev": {
        "doctrine/coding-standard": "~0.1@dev",
        "phpunit/phpunit": "^5.7"
      },
      "time": "2017-07-22T10:37:32+00:00"
    },
    {
      "name": "webmozart/assert",
      "version": "1.5.0",
      "require": {
        "symfony/polyfill-ctype": "^1.8"
      },
      "require-dev": {
        "phpunit/phpunit": "^4.8.36 || ^7.5.13"
      },
      "type": "library",
      "authors": [
        {
          "name": "Bernhard Schussek",
          "email": "bschussek@gmail.com"
        }
      ],
      "time": "2019-08-24T08:43:50+00:00"
    }
  ],
  "packages-dev": [
    {
      "name": "phpunit/phpunit",
      "version": "8.4.1",
      "require": {
        "doctrine/instantiator": "^1.2.0",
        "phpspec/prophecy": "^1.8.1"
      },
      "time": "2019-10-07T12:57:41+00:00"
    },
    {
      "name": "doctrine/instantiator",
      "version": "1.2.0",
      "time": "2019-03-17T17:37:11+00:00"
    },
    {
      "name": "phpspec/prophecy",
      "version": "1.9.0",
      "require": {
        "phpdocumentor/reflection-docblock": "^2.0|^3.0.2|^4.0|^5.0"
      },
      "time": "2019-10-03T11:07:50+00:00"
    },
    {
      "name": "phpdocumentor/reflection-docblock",
      "version": "4.3.2",
      "require": {
        "phpdocumentor/type-resolver": "~0.4 || ^1.0.0"
      },
      "require-dev": {
        "phpunit/phpunit": "^6.4"
      },
      "time": "2019-09-12T14:27:41+00:00"
    },
    {
      "name": "phpdocumentor/type-resolver",
      "version": "1.0.1",
      "require": {
        "phpdocumentor/reflection-common": "^2.0"
      },
      "time": "2019-08-22T18:11:29+00:00"
    },
    {
      "name": "phpdocumentor/reflection-common",
      "version": "2.0.0",
      "time": "2018-08-07T13:53:10+00:00"
    }
  ],
  "platform-dev": []
}
