# This file is automatically @generated by Cargo.
# It is not intended for manual editing.
version = 3

[[package]]
name = "concolor-control"
version = "0.0.7"
source = "registry+https://github.com/rust-lang/crates.io-index"
checksum = "7104119c2f80d887239879d0c50e033cd40eac9a3f3561e0684ba7d5d654f4da"
dependencies = [
 "atty"
]
[[package]]
name = "atty"
version = "0.2.14"
source = "registry+https://github.com/rust-lang/crates.io-index"
checksum = "d9b39be18770d11421cdb1b9947a45dd3f37e93092cbf377614828a319d5fee8"
dependencies = [
 "hermit-abi"
]
[[package]]
name = "hermit-abi"
version = "0.1.19"
source = "registry+https://github.com/rust-lang/crates.io-index"
checksum = "62b467343b94ba476dcb2500d242dadbb39557df889310ac77c5d99100aaac33"

[[package]]
name = "cargo_metadata"
version = "0.15.0"
source = "registry+https://github.com/rust-lang/crates.io-index"
checksum = "3abb7553d5b9b8421c6de7cb02606ff15e0c6eea7d8eadd75ef013fd636bec36"
dependencies = [
 "camino"
]

[[package]]
name = "camino"
version = "1.1.1"
source = "registry+https://github.com/rust-lang/crates.io-index"
checksum = "88ad0e1e3e88dd237a156ab9f571021b8a158caa0ae44b1968a241efb5144c1e"

[[package]]
name = "crates-index"
version = "0.18.9"
source = "registry+https://github.com/rust-lang/crates.io-index"
checksum = "f9c19d07d1419484a5ee6fe7204266029ed230384935a6c713574f5acd56e64a"
dependencies = [
 "git2"
]

[[package]]
name = "git2"
version = "0.14.4"
source = "registry+https://github.com/rust-lang/crates.io-index"
checksum = "d0155506aab710a86160ddb504a480d2964d7ab5b9e62419be69e0032bc5931c"

[[package]]
name = "predicates"
version = "2.1.1"
source = "registry+https://github.com/rust-lang/crates.io-index"
checksum = "a5aab5be6e4732b473071984b3164dbbfb7a3674d30ea5ff44410b6bcd960c3c"
dependencies = [
 "concolor"
]

[[package]]
name = "concolor"
version = "0.0.8"
source = "registry+https://github.com/rust-lang/crates.io-index"
checksum = "015267563b1df20adccdd00cb05257b1dfbea70a04928e9cf88ffb850c1a40af"

[[package]]
name = "cargo_metadata"
version = "0.15.0"
source = "registry+https://github.com/rust-lang/crates.io-index"
checksum = "3abb7553d5b9b8421c6de7cb02606ff15e0c6eea7d8eadd75ef013fd636bec36"
dependencies = [
 "camino"
]
[[package]]
name = "camino"
version = "1.1.1"
source = "registry+https://github.com/rust-lang/crates.io-index"
checksum = "88ad0e1e3e88dd237a156ab9f571021b8a158caa0ae44b1968a241efb5144c1e"

[[package]]
name = "crates-index"
version = "0.18.9"
source = "registry+https://github.com/rust-lang/crates.io-index"
checksum = "f9c19d07d1419484a5ee6fe7204266029ed230384935a6c713574f5acd56e64a"
dependencies = [
 "git2"
]